
Microsoft Visual Studio Solution File, Format Version 12.00
# Visual Studio Version 17
VisualStudioVersion = 17.0.31903.59
MinimumVisualStudioVersion = 10.0.40219.1
Project("{2150E333-8FDC-42A3-9474-1A3956D46DE8}") = "src", "src", "{827E0CD3-B72D-47B6-A68D-7590B98EB39B}"
EndProject
Project("{FAE04EC0-301F-11D3-BF4B-00C04F79EFBC}") = "PRN232_G9_AutoGradingTool.Domain", "src\PRN232_G9_AutoGradingTool.Domain\PRN232_G9_AutoGradingTool.Domain.csproj", "{132A70BD-C690-4C59-BB41-2F84430802BB}"
EndProject
Project("{FAE04EC0-301F-11D3-BF4B-00C04F79EFBC}") = "PRN232_G9_AutoGradingTool.Application", "src\PRN232_G9_AutoGradingTool.Application\PRN232_G9_AutoGradingTool.Application.csproj", "{53AFF40F-18A6-445A-98EF-6591B1A13AAD}"
EndProject
Project("{FAE04EC0-301F-11D3-BF4B-00C04F79EFBC}") = "PRN232_G9_AutoGradingTool.Infrastructure", "src\PRN232_G9_AutoGradingTool.Infrastructure\PRN232_G9_AutoGradingTool.Infrastructure.csproj", "{1FDFD408-8728-4AE4-AFB9-E3AC02B69A00}"
EndProject
Project("{FAE04EC0-301F-11D3-BF4B-00C04F79EFBC}") = "PRN232_G9_AutoGradingTool.API", "src\PRN232_G9_AutoGradingTool.API\PRN232_G9_AutoGradingTool.API.csproj", "{A2E1558C-95FA-47CC-92BD-3E9801A08572}"
EndProject
Project("{2150E333-8FDC-42A3-9474-1A3956D46DE8}") = "Solution Items", "Solution Items", "{8EC462FD-D22E-90A8-E5CE-7E832BA40C5D}"
	ProjectSection(SolutionItems) = preProject
		.env = .env
	EndProjectSection
EndProject
Global
	GlobalSection(SolutionConfigurationPlatforms) = preSolution
		Debug|Any CPU = Debug|Any CPU
		Debug|x64 = Debug|x64
		Debug|x86 = Debug|x86
		Release|Any CPU = Release|Any CPU
		Release|x64 = Release|x64
		Release|x86 = Release|x86
	EndGlobalSection
	GlobalSection(ProjectConfigurationPlatforms) = postSolution
		{132A70BD-C690-4C59-BB41-2F84430802BB}.Debug|Any CPU.ActiveCfg = Debug|Any CPU
		{132A70BD-C690-4C59-BB41-2F84430802BB}.Debug|Any CPU.Build.0 = Debug|Any CPU
		{132A70BD-C690-4C59-BB41-2F84430802BB}.Debug|x64.ActiveCfg = Debug|Any CPU
		{132A70BD-C690-4C59-BB41-2F84430802BB}.Debug|x64.Build.0 = Debug|Any CPU
		{132A70BD-C690-4C59-BB41-2F84430802BB}.Debug|x86.ActiveCfg = Debug|Any CPU
		{132A70BD-C690-4C59-BB41-2F84430802BB}.Debug|x86.Build.0 = Debug|Any CPU
		{132A70BD-C690-4C59-BB41-2F84430802BB}.Release|Any CPU.ActiveCfg = Release|Any CPU
		{132A70BD-C690-4C59-BB41-2F84430802BB}.Release|Any CPU.Build.0 = Release|Any CPU
		{132A70BD-C690-4C59-BB41-2F84430802BB}.Release|x64.ActiveCfg = Release|Any CPU
		{132A70BD-C690-4C59-BB41-2F84430802BB}.Release|x64.Build.0 = Release|Any CPU
		{132A70BD-C690-4C59-BB41-2F84430802BB}.Release|x86.ActiveCfg = Release|Any CPU
		{132A70BD-C690-4C59-BB41-2F84430802BB}.Release|x86.Build.0 = Release|Any CPU
		{53AFF40F-18A6-445A-98EF-6591B1A13AAD}.Debug|Any CPU.ActiveCfg = Debug|Any CPU
		{53AFF40F-18A6-445A-98EF-6591B1A13AAD}.Debug|Any CPU.Build.0 = Debug|Any CPU
		{53AFF40F-18A6-445A-98EF-6591B1A13AAD}.Debug|x64.ActiveCfg = Debug|Any CPU
		{53AFF40F-18A6-445A-98EF-6591B1A13AAD}.Debug|x64.Build.0 = Debug|Any CPU
		{53AFF40F-18A6-445A-98EF-6591B1A13AAD}.Debug|x86.ActiveCfg = Debug|Any CPU
		{53AFF40F-18A6-445A-98EF-6591B1A13AAD}.Debug|x86.Build.0 = Debug|Any CPU
		{53AFF40F-18A6-445A-98EF-6591B1A13AAD}.Release|Any CPU.ActiveCfg = Release|Any CPU
		{53AFF40F-18A6-445A-98EF-6591B1A13AAD}.Release|Any CPU.Build.0 = Release|Any CPU
		{53AFF40F-18A6-445A-98EF-6591B1A13AAD}.Release|x64.ActiveCfg = Release|Any CPU
		{53AFF40F-18A6-445A-98EF-6591B1A13AAD}.Release|x64.Build.0 = Release|Any CPU
		{53AFF40F-18A6-445A-98EF-6591B1A13AAD}.Release|x86.ActiveCfg = Release|Any CPU
		{53AFF40F-18A6-445A-98EF-6591B1A13AAD}.Release|x86.Build.0 = Release|Any CPU
		{1FDFD408-8728-4AE4-AFB9-E3AC02B69A00}.Debug|Any CPU.ActiveCfg = Debug|Any CPU
		{1FDFD408-8728-4AE4-AFB9-E3AC02B69A00}.Debug|Any CPU.Build.0 = Debug|Any CPU
		{1FDFD408-8728-4AE4-AFB9-E3AC02B69A00}.Debug|x64.ActiveCfg = Debug|Any CPU
		{1FDFD408-8728-4AE4-AFB9-E3AC02B69A00}.Debug|x64.Build.0 = Debug|Any CPU
		{1FDFD408-8728-4AE4-AFB9-E3AC02B69A00}.Debug|x86.ActiveCfg = Debug|Any CPU
		{1FDFD408-8728-4AE4-AFB9-E3AC02B69A00}.Debug|x86.Build.0 = Debug|Any CPU
		{1FDFD408-8728-4AE4-AFB9-E3AC02B69A00}.Release|Any CPU.ActiveCfg = Release|Any CPU
		{1FDFD408-8728-4AE4-AFB9-E3AC02B69A00}.Release|Any CPU.Build.0 = Release|Any CPU
		{1FDFD408-8728-4AE4-AFB9-E3AC02B69A00}.Release|x64.ActiveCfg = Release|Any CPU
		{1FDFD408-8728-4AE4-AFB9-E3AC02B69A00}.Release|x64.Build.0 = Release|Any CPU
		{1FDFD408-8728-4AE4-AFB9-E3AC02B69A00}.Release|x86.ActiveCfg = Release|Any CPU
		{1FDFD408-8728-4AE4-AFB9-E3AC02B69A00}.Release|x86.Build.0 = Release|Any CPU
		{A2E1558C-95FA-47CC-92BD-3E9801A08572}.Debug|Any CPU.ActiveCfg = Debug|Any CPU
		{A2E1558C-95FA-47CC-92BD-3E9801A08572}.Debug|Any CPU.Build.0 = Debug|Any CPU
		{A2E1558C-95FA-47CC-92BD-3E9801A08572}.Debug|x64.ActiveCfg = Debug|Any CPU
		{A2E1558C-95FA-47CC-92BD-3E9801A08572}.Debug|x64.Build.0 = Debug|Any CPU
		{A2E1558C-95FA-47CC-92BD-3E9801A08572}.Debug|x86.ActiveCfg = Debug|Any CPU
		{A2E1558C-95FA-47CC-92BD-3E9801A08572}.Debug|x86.Build.0 = Debug|Any CPU
		{A2E1558C-95FA-47CC-92BD-3E9801A08572}.Release|Any CPU.ActiveCfg = Release|Any CPU
		{A2E1558C-95FA-47CC-92BD-3E9801A08572}.Release|Any CPU.Build.0 = Release|Any CPU
		{A2E1558C-95FA-47CC-92BD-3E9801A08572}.Release|x64.ActiveCfg = Release|Any CPU
		{A2E1558C-95FA-47CC-92BD-3E9801A08572}.Release|x64.Build.0 = Release|Any CPU
		{A2E1558C-95FA-47CC-92BD-3E9801A08572}.Release|x86.ActiveCfg = Release|Any CPU
		{A2E1558C-95FA-47CC-92BD-3E9801A08572}.Release|x86.Build.0 = Release|Any CPU
	EndGlobalSection
	GlobalSection(SolutionProperties) = preSolution
		HideSolutionNode = FALSE
	EndGlobalSection
	GlobalSection(NestedProjects) = preSolution
		{132A70BD-C690-4C59-BB41-2F84430802BB} = {827E0CD3-B72D-47B6-A68D-7590B98EB39B}
		{53AFF40F-18A6-445A-98EF-6591B1A13AAD} = {827E0CD3-B72D-47B6-A68D-7590B98EB39B}
		{1FDFD408-8728-4AE4-AFB9-E3AC02B69A00} = {827E0CD3-B72D-47B6-A68D-7590B98EB39B}
		{A2E1558C-95FA-47CC-92BD-3E9801A08572} = {827E0CD3-B72D-47B6-A68D-7590B98EB39B}
	EndGlobalSection
EndGlobal
